
Microsoft Visual Studio Solution File, Format Version 12.00
# Visual Studio Version 17
VisualStudioVersion = 17.5.33530.505
MinimumVisualStudioVersion = 10.0.40219.1
Project("{FAE04EC0-301F-11D3-BF4B-00C04F79EFBC}") = "Bruno Projeto", "Projeto 1\Bruno Projeto.csproj", "{EC86F3BB-49B2-48C4-B0F8-D79F57EC03EF}"
EndProject
Global
	GlobalSection(SolutionConfigurationPlatforms) = preSolution
		Debug|Any CPU = Debug|Any CPU
		Release|Any CPU = Release|Any CPU
	EndGlobalSection
	GlobalSection(ProjectConfigurationPlatforms) = postSolution
		{EC86F3BB-49B2-48C4-B0F8-D79F57EC03EF}.Debug|Any CPU.ActiveCfg = Debug|Any CPU
		{EC86F3BB-49B2-48C4-B0F8-D79F57EC03EF}.Debug|Any CPU.Build.0 = Debug|Any CPU
		{EC86F3BB-49B2-48C4-B0F8-D79F57EC03EF}.Release|Any CPU.ActiveCfg = Release|Any CPU
		{EC86F3BB-49B2-48C4-B0F8-D79F57EC03EF}.Release|Any CPU.Build.0 = Release|Any CPU
	EndGlobalSection
	GlobalSection(SolutionProperties) = preSolution
		HideSolutionNode = FALSE
	EndGlobalSection
	GlobalSection(ExtensibilityGlobals) = postSolution
		SolutionGuid = {3ACCBEEC-9467-44AD-BE0A-71349C88FA59}
	EndGlobalSection
EndGlobal
